
Microsoft Visual Studio Solution File, Format Version 12.00
# Visual Studio Version 17
VisualStudioVersion = 17.11.35303.130
MinimumVisualStudioVersion = 10.0.40219.1
Project("{FAE04EC0-301F-11D3-BF4B-00C04F79EFBC}") = "Practica1", "Practica1\Practica1.csproj", "{B68D76E6-816F-492B-9EFA-1F749FDD307E}"
EndProject
Project("{FAE04EC0-301F-11D3-BF4B-00C04F79EFBC}") = "Practica2", "Practica2\Practica2.csproj", "{86AC4456-95AA-4CD8-9C70-CF667463251C}"
EndProject
Global
	GlobalSection(SolutionConfigurationPlatforms) = preSolution
		Debug|Any CPU = Debug|Any CPU
		Release|Any CPU = Release|Any CPU
	EndGlobalSection
	GlobalSection(ProjectConfigurationPlatforms) = postSolution
		{B68D76E6-816F-492B-9EFA-1F749FDD307E}.Debug|Any CPU.ActiveCfg = Debug|Any CPU
		{B68D76E6-816F-492B-9EFA-1F749FDD307E}.Debug|Any CPU.Build.0 = Debug|Any CPU
		{B68D76E6-816F-492B-9EFA-1F749FDD307E}.Release|Any CPU.ActiveCfg = Release|Any CPU
		{B68D76E6-816F-492B-9EFA-1F749FDD307E}.Release|Any CPU.Build.0 = Release|Any CPU
		{86AC4456-95AA-4CD8-9C70-CF667463251C}.Debug|Any CPU.ActiveCfg = Debug|Any CPU
		{86AC4456-95AA-4CD8-9C70-CF667463251C}.Debug|Any CPU.Build.0 = Debug|Any CPU
		{86AC4456-95AA-4CD8-9C70-CF667463251C}.Release|Any CPU.ActiveCfg = Release|Any CPU
		{86AC4456-95AA-4CD8-9C70-CF667463251C}.Release|Any CPU.Build.0 = Release|Any CPU
	EndGlobalSection
	GlobalSection(SolutionProperties) = preSolution
		HideSolutionNode = FALSE
	EndGlobalSection
	GlobalSection(ExtensibilityGlobals) = postSolution
		SolutionGuid = {D5527586-8507-4C74-965C-54626EEEC58E}
	EndGlobalSection
EndGlobal
