
Microsoft Visual Studio Solution File, Format Version 12.00
# Visual Studio Version 17
VisualStudioVersion = 17.11.35303.130
MinimumVisualStudioVersion = 10.0.40219.1
Project("{FAE04EC0-301F-11D3-BF4B-00C04F79EFBC}") = "EjemplosTiposDatos", "EjemplosTiposDatos\EjemplosTiposDatos.csproj", "{0728DD2F-9954-4334-950C-BA670F985FA1}"
EndProject
Global
	GlobalSection(SolutionConfigurationPlatforms) = preSolution
		Debug|Any CPU = Debug|Any CPU
		Release|Any CPU = Release|Any CPU
	EndGlobalSection
	GlobalSection(ProjectConfigurationPlatforms) = postSolution
		{0728DD2F-9954-4334-950C-BA670F985FA1}.Debug|Any CPU.ActiveCfg = Debug|Any CPU
		{0728DD2F-9954-4334-950C-BA670F985FA1}.Debug|Any CPU.Build.0 = Debug|Any CPU
		{0728DD2F-9954-4334-950C-BA670F985FA1}.Release|Any CPU.ActiveCfg = Release|Any CPU
		{0728DD2F-9954-4334-950C-BA670F985FA1}.Release|Any CPU.Build.0 = Release|Any CPU
	EndGlobalSection
	GlobalSection(SolutionProperties) = preSolution
		HideSolutionNode = FALSE
	EndGlobalSection
	GlobalSection(ExtensibilityGlobals) = postSolution
		SolutionGuid = {0E1F8F75-6B42-4BBD-A67A-70611C553831}
	EndGlobalSection
EndGlobal
