
Microsoft Visual Studio Solution File, Format Version 12.00
# Visual Studio Version 17
VisualStudioVersion = 17.11.35303.130
MinimumVisualStudioVersion = 10.0.40219.1
Project("{FAE04EC0-301F-11D3-BF4B-00C04F79EFBC}") = "Ej1", "Practica2\Ej1.csproj", "{238E0B1C-503E-426E-9081-756453590A99}"
EndProject
Global
	GlobalSection(SolutionConfigurationPlatforms) = preSolution
		Debug|Any CPU = Debug|Any CPU
		Release|Any CPU = Release|Any CPU
	EndGlobalSection
	GlobalSection(ProjectConfigurationPlatforms) = postSolution
		{238E0B1C-503E-426E-9081-756453590A99}.Debug|Any CPU.ActiveCfg = Debug|Any CPU
		{238E0B1C-503E-426E-9081-756453590A99}.Debug|Any CPU.Build.0 = Debug|Any CPU
		{238E0B1C-503E-426E-9081-756453590A99}.Release|Any CPU.ActiveCfg = Release|Any CPU
		{238E0B1C-503E-426E-9081-756453590A99}.Release|Any CPU.Build.0 = Release|Any CPU
	EndGlobalSection
	GlobalSection(SolutionProperties) = preSolution
		HideSolutionNode = FALSE
	EndGlobalSection
	GlobalSection(ExtensibilityGlobals) = postSolution
		SolutionGuid = {1E451978-F700-4AC1-B9F5-912657FDCFD3}
	EndGlobalSection
EndGlobal
